
Microsoft Visual Studio Solution File, Format Version 12.00
# Visual Studio Version 17
VisualStudioVersion = 17.6.33815.320
MinimumVisualStudioVersion = 10.0.40219.1
Project("{FAE04EC0-301F-11D3-BF4B-00C04F79EFBC}") = "Matriz", "Matriz\Matriz.csproj", "{FB07E782-9DB5-46D8-8A4A-605FD040974C}"
EndProject
Global
	GlobalSection(SolutionConfigurationPlatforms) = preSolution
		Debug|Any CPU = Debug|Any CPU
		Release|Any CPU = Release|Any CPU
	EndGlobalSection
	GlobalSection(ProjectConfigurationPlatforms) = postSolution
		{FB07E782-9DB5-46D8-8A4A-605FD040974C}.Debug|Any CPU.ActiveCfg = Debug|Any CPU
		{FB07E782-9DB5-46D8-8A4A-605FD040974C}.Debug|Any CPU.Build.0 = Debug|Any CPU
		{FB07E782-9DB5-46D8-8A4A-605FD040974C}.Release|Any CPU.ActiveCfg = Release|Any CPU
		{FB07E782-9DB5-46D8-8A4A-605FD040974C}.Release|Any CPU.Build.0 = Release|Any CPU
	EndGlobalSection
	GlobalSection(SolutionProperties) = preSolution
		HideSolutionNode = FALSE
	EndGlobalSection
	GlobalSection(ExtensibilityGlobals) = postSolution
		SolutionGuid = {19D36681-98A4-47AB-85FC-FE807C840EDE}
	EndGlobalSection
EndGlobal
